
Microsoft Visual Studio Solution File, Format Version 12.00
# Visual Studio Version 17
VisualStudioVersion = 17.13.35825.156 d17.13
MinimumVisualStudioVersion = 10.0.40219.1
Project("{FAE04EC0-301F-11D3-BF4B-00C04F79EFBC}") = "SimpleWebSite", "SimpleWebSite\SimpleWebSite.csproj", "{5B2A1721-6CA1-4E5E-96EE-54C728BB8EE7}"
EndProject
Global
	GlobalSection(SolutionConfigurationPlatforms) = preSolution
		Debug|Any CPU = Debug|Any CPU
		Release|Any CPU = Release|Any CPU
	EndGlobalSection
	GlobalSection(ProjectConfigurationPlatforms) = postSolution
		{5B2A1721-6CA1-4E5E-96EE-54C728BB8EE7}.Debug|Any CPU.ActiveCfg = Debug|Any CPU
		{5B2A1721-6CA1-4E5E-96EE-54C728BB8EE7}.Debug|Any CPU.Build.0 = Debug|Any CPU
		{5B2A1721-6CA1-4E5E-96EE-54C728BB8EE7}.Release|Any CPU.ActiveCfg = Release|Any CPU
		{5B2A1721-6CA1-4E5E-96EE-54C728BB8EE7}.Release|Any CPU.Build.0 = Release|Any CPU
	EndGlobalSection
	GlobalSection(SolutionProperties) = preSolution
		HideSolutionNode = FALSE
	EndGlobalSection
	GlobalSection(ExtensibilityGlobals) = postSolution
		SolutionGuid = {153959D8-1F07-42A7-806A-00B1ED23C79D}
	EndGlobalSection
EndGlobal
